// !$*UTF8*$!
{
	archiveVersion = 1;
	classes = {
	};
	objectVersion = 55;
	objects = {

/* Begin PBXBuildFile section */
		516EBB7328B6194A00258A8F /* AppDelegate.swift in Sources */ = {isa = PBXBuildFile; fileRef = 516EBB7228B6194A00258A8F /* AppDelegate.swift */; };
		516EBB7528B6194A00258A8F /* SceneDelegate.swift in Sources */ = {isa = PBXBuildFile; fileRef = 516EBB7428B6194A00258A8F /* SceneDelegate.swift */; };
		516EBB7728B6194A00258A8F /* ViewController.swift in Sources */ = {isa = PBXBuildFile; fileRef = 516EBB7628B6194A00258A8F /* ViewController.swift */; };
		516EBB7A28B6194A00258A8F /* Main.storyboard in Resources */ = {isa = PBXBuildFile; fileRef = 516EBB7828B6194A00258A8F /* Main.storyboard */; };
		516EBB7C28B6194B00258A8F /* Assets.xcassets in Resources */ = {isa = PBXBuildFile; fileRef = 516EBB7B28B6194B00258A8F /* Assets.xcassets */; };
		516EBB7F28B6194B00258A8F /* LaunchScreen.storyboard in Resources */ = {isa = PBXBuildFile; fileRef = 516EBB7D28B6194B00258A8F /* LaunchScreen.storyboard */; };
		516EBB8728B61DA500258A8F /* Step.swift in Sources */ = {isa = PBXBuildFile; fileRef = 516EBB8628B61DA500258A8F /* Step.swift */; };
		516EBB8928B626F000258A8F /* Location.swift in Sources */ = {isa = PBXBuildFile; fileRef = 516EBB8828B626F000258A8F /* Location.swift */; };
/* End PBXBuildFile section */

/* Begin PBXFileReference section */
		516EBB6F28B6194A00258A8F /* TreasureHunt2022.app */ = {isa = PBXFileReference; explicitFileType = wrapper.application; includeInIndex = 0; path = TreasureHunt2022.app; sourceTree = BUILT_PRODUCTS_DIR; };
		516EBB7228B6194A00258A8F /* AppDelegate.swift */ = {isa = PBXFileReference; lastKnownFileType = sourcecode.swift; path = AppDelegate.swift; sourceTree = "<group>"; };
		516EBB7428B6194A00258A8F /* SceneDelegate.swift */ = {isa = PBXFileReference; lastKnownFileType = sourcecode.swift; path = SceneDelegate.swift; sourceTree = "<group>"; };
		516EBB7628B6194A00258A8F /* ViewController.swift */ = {isa = PBXFileReference; lastKnownFileType = sourcecode.swift; path = ViewController.swift; sourceTree = "<group>"; };
		516EBB7928B6194A00258A8F /* Base */ = {isa = PBXFileReference; lastKnownFileType = file.storyboard; name = Base; path = Base.lproj/Main.storyboard; sourceTree = "<group>"; };
		516EBB7B28B6194B00258A8F /* Assets.xcassets */ = {isa = PBXFileReference; lastKnownFileType = folder.assetcatalog; path = Assets.xcassets; sourceTree = "<group>"; };
		516EBB7E28B6194B00258A8F /* Base */ = {isa = PBXFileReference; lastKnownFileType = file.storyboard; name = Base; path = Base.lproj/LaunchScreen.storyboard; sourceTree = "<group>"; };
		516EBB8028B6194B00258A8F /* Info.plist */ = {isa = PBXFileReference; lastKnownFileType = text.plist.xml; path = Info.plist; sourceTree = "<group>"; };
		516EBB8628B61DA500258A8F /* Step.swift */ = {isa = PBXFileReference; lastKnownFileType = sourcecode.swift; path = Step.swift; sourceTree = "<group>"; };
		516EBB8828B626F000258A8F /* Location.swift */ = {isa = PBXFileReference; lastKnownFileType = sourcecode.swift; path = Location.swift; sourceTree = "<group>"; };
/* End PBXFileReference section */

/* Begin PBXFrameworksBuildPhase section */
		516EBB6C28B6194A00258A8F /* Frameworks */ = {
			isa = PBXFrameworksBuildPhase;
			buildActionMask = 2147483647;
			files = (
			);
			runOnlyForDeploymentPostprocessing = 0;
		};
/* End PBXFrameworksBuildPhase section */

/* Begin PBXGroup section */
		516EBB6628B6194A00258A8F = {
			isa = PBXGroup;
			children = (
				516EBB7128B6194A00258A8F /* TreasureHunt2022 */,
				516EBB7028B6194A00258A8F /* Products */,
			);
			sourceTree = "<group>";
		};
		516EBB7028B6194A00258A8F /* Products */ = {
			isa = PBXGroup;
			children = (
				516EBB6F28B6194A00258A8F /* TreasureHunt2022.app */,
			);
			name = Products;
			sourceTree = "<group>";
		};
		516EBB7128B6194A00258A8F /* TreasureHunt2022 */ = {
			isa = PBXGroup;
			children = (
				516EBB7228B6194A00258A8F /* AppDelegate.swift */,
				516EBB7428B6194A00258A8F /* SceneDelegate.swift */,
				516EBB7628B6194A00258A8F /* ViewController.swift */,
				516EBB7828B6194A00258A8F /* Main.storyboard */,
				516EBB7B28B6194B00258A8F /* Assets.xcassets */,
				516EBB7D28B6194B00258A8F /* LaunchScreen.storyboard */,
				516EBB8028B6194B00258A8F /* Info.plist */,
				516EBB8628B61DA500258A8F /* Step.swift */,
				516EBB8828B626F000258A8F /* Location.swift */,
			);
			path = TreasureHunt2022;
			sourceTree = "<group>";
		};
/* End PBXGroup section */

/* Begin PBXNativeTarget section */
		516EBB6E28B6194A00258A8F /* TreasureHunt2022 */ = {
			isa = PBXNativeTarget;
			buildConfigurationList = 516EBB8328B6194B00258A8F /* Build configuration list for PBXNativeTarget "TreasureHunt2022" */;
			buildPhases = (
				516EBB6B28B6194A00258A8F /* Sources */,
				516EBB6C28B6194A00258A8F /* Frameworks */,
				516EBB6D28B6194A00258A8F /* Resources */,
			);
			buildRules = (
			);
			dependencies = (
			);
			name = TreasureHunt2022;
			productName = TreasureHunt2022;
			productReference = 516EBB6F28B6194A00258A8F /* TreasureHunt2022.app */;
			productType = "com.apple.product-type.application";
		};
/* End PBXNativeTarget section */

/* Begin PBXProject section */
		516EBB6728B6194A00258A8F /* Project object */ = {
			isa = PBXProject;
			attributes = {
				BuildIndependentTargetsInParallel = 1;
				LastSwiftUpdateCheck = 1340;
				LastUpgradeCheck = 1340;
				TargetAttributes = {
					516EBB6E28B6194A00258A8F = {
						CreatedOnToolsVersion = 13.4.1;
					};
				};
			};
			buildConfigurationList = 516EBB6A28B6194A00258A8F /* Build configuration list for PBXProject "TreasureHunt2022" */;
			compatibilityVersion = "Xcode 13.0";
			developmentRegion = en;
			hasScannedForEncodings = 0;
			knownRegions = (
				en,
				Base,
			);
			mainGroup = 516EBB6628B6194A00258A8F;
			productRefGroup = 516EBB7028B6194A00258A8F /* Products */;
			projectDirPath = "";
			projectRoot = "";
			targets = (
				516EBB6E28B6194A00258A8F /* TreasureHunt2022 */,
			);
		};
/* End PBXProject section */

/* Begin PBXResourcesBuildPhase section */
		516EBB6D28B6194A00258A8F /* Resources */ = {
			isa = PBXResourcesBuildPhase;
			buildActionMask = 2147483647;
			files = (
				516EBB7F28B6194B00258A8F /* LaunchScreen.storyboard in Resources */,
				516EBB7C28B6194B00258A8F /* Assets.xcassets in Resources */,
				516EBB7A28B6194A00258A8F /* Main.storyboard in Resources */,
			);
			runOnlyForDeploymentPostprocessing = 0;
		};
/* End PBXResourcesBuildPhase section */

/* Begin PBXSourcesBuildPhase section */
		516EBB6B28B6194A00258A8F /* Sources */ = {
			isa = PBXSourcesBuildPhase;
			buildActionMask = 2147483647;
			files = (
				516EBB7728B6194A00258A8F /* ViewController.swift in Sources */,
				516EBB8728B61DA500258A8F /* Step.swift in Sources */,
				516EBB8928B626F000258A8F /* Location.swift in Sources */,
				516EBB7328B6194A00258A8F /* AppDelegate.swift in Sources */,
				516EBB7528B6194A00258A8F /* SceneDelegate.swift in Sources */,
			);
			runOnlyForDeploymentPostprocessing = 0;
		};
/* End PBXSourcesBuildPhase section */

/* Begin PBXVariantGroup section */
		516EBB7828B6194A00258A8F /* Main.storyboard */ = {
			isa = PBXVariantGroup;
			children = (
				516EBB7928B6194A00258A8F /* Base */,
			);
			name = Main.storyboard;
			sourceTree = "<group>";
		};
		516EBB7D28B6194B00258A8F /* LaunchScreen.storyboard */ = {
			isa = PBXVariantGroup;
			children = (
				516EBB7E28B6194B00258A8F /* Base */,
			);
			name = LaunchScreen.storyboard;
			sourceTree = "<group>";
		};
/* End PBXVariantGroup section */

/* Begin XCBuildConfiguration section */
		516EBB8128B6194B00258A8F /* Debug */ = {
			isa = XCBuildConfiguration;
			buildSettings = {
				ALWAYS_SEARCH_USER_PATHS = NO;
				CLANG_ANALYZER_NONNULL = YES;
				CLANG_ANALYZER_NUMBER_OBJECT_CONVERSION = YES_AGGRESSIVE;
				CLANG_CXX_LANGUAGE_STANDARD = "gnu++17";
				CLANG_ENABLE_MODULES = YES;
				CLANG_ENABLE_OBJC_ARC = YES;
				CLANG_ENABLE_OBJC_WEAK = YES;
				CLANG_WARN_BLOCK_CAPTURE_AUTORELEASING = YES;
				CLANG_WARN_BOOL_CONVERSION = YES;
				CLANG_WARN_COMMA = YES;
				CLANG_WARN_CONSTANT_CONVERSION = YES;
				CLANG_WARN_DEPRECATED_OBJC_IMPLEMENTATIONS = YES;
				CLANG_WARN_DIRECT_OBJC_ISA_USAGE = YES_ERROR;
				CLANG_WARN_DOCUMENTATION_COMMENTS = YES;
				CLANG_WARN_EMPTY_BODY = YES;
				CLANG_WARN_ENUM_CONVERSION = YES;
				CLANG_WARN_INFINITE_RECURSION = YES;
				CLANG_WARN_INT_CONVERSION = YES;
				CLANG_WARN_NON_LITERAL_NULL_CONVERSION = YES;
				CLANG_WARN_OBJC_IMPLICIT_RETAIN_SELF = YES;
				CLANG_WARN_OBJC_LITERAL_CONVERSION = YES;
				CLANG_WARN_OBJC_ROOT_CLASS = YES_ERROR;
				CLANG_WARN_QUOTED_INCLUDE_IN_FRAMEWORK_HEADER = YES;
				CLANG_WARN_RANGE_LOOP_ANALYSIS = YES;
				CLANG_WARN_STRICT_PROTOTYPES = YES;
				CLANG_WARN_SUSPICIOUS_MOVE = YES;
				CLANG_WARN_UNGUARDED_AVAILABILITY = YES_AGGRESSIVE;
				CLANG_WARN_UNREACHABLE_CODE = YES;
				CLANG_WARN__DUPLICATE_METHOD_MATCH = YES;
				COPY_PHASE_STRIP = NO;
				DEBUG_INFORMATION_FORMAT = dwarf;
				ENABLE_STRICT_OBJC_MSGSEND = YES;
				ENABLE_TESTABILITY = YES;
				GCC_C_LANGUAGE_STANDARD = gnu11;
				GCC_DYNAMIC_NO_PIC = NO;
				GCC_NO_COMMON_BLOCKS = YES;
				GCC_OPTIMIZATION_LEVEL = 0;
				GCC_PREPROCESSOR_DEFINITIONS = (
					"DEBUG=1",
					"$(inherited)",
				);
				GCC_WARN_64_TO_32_BIT_CONVERSION = YES;
				GCC_WARN_ABOUT_RETURN_TYPE = YES_ERROR;
				GCC_WARN_UNDECLARED_SELECTOR = YES;
				GCC_WARN_UNINITIALIZED_AUTOS = YES_AGGRESSIVE;
				GCC_WARN_UNUSED_FUNCTION = YES;
				GCC_WARN_UNUSED_VARIABLE = YES;
				IPHONEOS_DEPLOYMENT_TARGET = 15.5;
				MTL_ENABLE_DEBUG_INFO = INCLUDE_SOURCE;
				MTL_FAST_MATH = YES;
				ONLY_ACTIVE_ARCH = YES;
				SDKROOT = iphoneos;
				SWIFT_ACTIVE_COMPILATION_CONDITIONS = DEBUG;
				SWIFT_OPTIMIZATION_LEVEL = "-Onone";
			};
			name = Debug;
		};
		516EBB8228B6194B00258A8F /* Release */ = {
			isa = XCBuildConfiguration;
			buildSettings = {
				ALWAYS_SEARCH_USER_PATHS = NO;
				CLANG_ANALYZER_NONNULL = YES;
				CLANG_ANALYZER_NUMBER_OBJECT_CONVERSION = YES_AGGRESSIVE;
				CLANG_CXX_LANGUAGE_STANDARD = "gnu++17";
				CLANG_ENABLE_MODULES = YES;
				CLANG_ENABLE_OBJC_ARC = YES;
				CLANG_ENABLE_OBJC_WEAK = YES;
				CLANG_WARN_BLOCK_CAPTURE_AUTORELEASING = YES;
				CLANG_WARN_BOOL_CONVERSION = YES;
				CLANG_WARN_COMMA = YES;
				CLANG_WARN_CONSTANT_CONVERSION = YES;
				CLANG_WARN_DEPRECATED_OBJC_IMPLEMENTATIONS = YES;
				CLANG_WARN_DIRECT_OBJC_ISA_USAGE = YES_ERROR;
				CLANG_WARN_DOCUMENTATION_COMMENTS = YES;
				CLANG_WARN_EMPTY_BODY = YES;
				CLANG_WARN_ENUM_CONVERSION = YES;
				CLANG_WARN_INFINITE_RECURSION = YES;
				CLANG_WARN_INT_CONVERSION = YES;
				CLANG_WARN_NON_LITERAL_NULL_CONVERSION = YES;
				CLANG_WARN_OBJC_IMPLICIT_RETAIN_SELF = YES;
				CLANG_WARN_OBJC_LITERAL_CONVERSION = YES;
				CLANG_WARN_OBJC_ROOT_CLASS = YES_ERROR;
				CLANG_WARN_QUOTED_INCLUDE_IN_FRAMEWORK_HEADER = YES;
				CLANG_WARN_RANGE_LOOP_ANALYSIS = YES;
				CLANG_WARN_STRICT_PROTOTYPES = YES;
				CLANG_WARN_SUSPICIOUS_MOVE = YES;
				CLANG_WARN_UNGUARDED_AVAILABILITY = YES_AGGRESSIVE;
				CLANG_WARN_UNREACHABLE_CODE = YES;
				CLANG_WARN__DUPLICATE_METHOD_MATCH = YES;
				COPY_PHASE_STRIP = NO;
				DEBUG_INFORMATION_FORMAT = "dwarf-with-dsym";
				ENABLE_NS_ASSERTIONS = NO;
				ENABLE_STRICT_OBJC_MSGSEND = YES;
				GCC_C_LANGUAGE_STANDARD = gnu11;
				GCC_NO_COMMON_BLOCKS = YES;
				GCC_WARN_64_TO_32_BIT_CONVERSION = YES;
				GCC_WARN_ABOUT_RETURN_TYPE = YES_ERROR;
				GCC_WARN_UNDECLARED_SELECTOR = YES;
				GCC_WARN_UNINITIALIZED_AUTOS = YES_AGGRESSIVE;
				GCC_WARN_UNUSED_FUNCTION = YES;
				GCC_WARN_UNUSED_VARIABLE = YES;
				IPHONEOS_DEPLOYMENT_TARGET = 15.5;
				MTL_ENABLE_DEBUG_INFO = NO;
				MTL_FAST_MATH = YES;
				SDKROOT = iphoneos;
				SWIFT_COMPILATION_MODE = wholemodule;
				SWIFT_OPTIMIZATION_LEVEL = "-O";
				VALIDATE_PRODUCT = YES;
			};
			name = Release;
		};
		516EBB8428B6194B00258A8F /* Debug */ = {
			isa = XCBuildConfiguration;
			buildSettings = {
				ASSETCATALOG_COMPILER_APPICON_NAME = AppIcon;
				ASSETCATALOG_COMPILER_GLOBAL_ACCENT_COLOR_NAME = AccentColor;
				CODE_SIGN_STYLE = Automatic;
				CURRENT_PROJECT_VERSION = 1;
				DEVELOPMENT_TEAM = SVU6FF2PL3;
				GENERATE_INFOPLIST_FILE = YES;
				INFOPLIST_FILE = TreasureHunt2022/Info.plist;
				INFOPLIST_KEY_CFBundleDisplayName = "Treasure Hunt 2022";
				INFOPLIST_KEY_UIApplicationSupportsIndirectInputEvents = YES;
				INFOPLIST_KEY_UILaunchStoryboardName = LaunchScreen;
				INFOPLIST_KEY_UIMainStoryboardFile = Main;
				INFOPLIST_KEY_UISupportedInterfaceOrientations_iPad = "UIInterfaceOrientationPortrait UIInterfaceOrientationPortraitUpsideDown UIInterfaceOrientationLandscapeLeft UIInterfaceOrientationLandscapeRight";
				INFOPLIST_KEY_UISupportedInterfaceOrientations_iPhone = "UIInterfaceOrientationPortrait UIInterfaceOrientationLandscapeLeft UIInterfaceOrientationLandscapeRight";
				LD_RUNPATH_SEARCH_PATHS = (
					"$(inherited)",
					"@executable_path/Frameworks",
				);
				MARKETING_VERSION = 1.0;
				PRODUCT_BUNDLE_IDENTIFIER = SRC.TreasureHunt2022;
				PRODUCT_NAME = "$(TARGET_NAME)";
				SWIFT_EMIT_LOC_STRINGS = YES;
				SWIFT_VERSION = 5.0;
				TARGETED_DEVICE_FAMILY = "1,2";
			};
			name = Debug;
		};
		516EBB8528B6194B00258A8F /* Release */ = {
			isa = XCBuildConfiguration;
			buildSettings = {
				ASSETCATALOG_COMPILER_APPICON_NAME = AppIcon;
				ASSETCATALOG_COMPILER_GLOBAL_ACCENT_COLOR_NAME = AccentColor;
				CODE_SIGN_STYLE = Automatic;
				CURRENT_PROJECT_VERSION = 1;
				DEVELOPMENT_TEAM = SVU6FF2PL3;
				GENERATE_INFOPLIST_FILE = YES;
				INFOPLIST_FILE = TreasureHunt2022/Info.plist;
				INFOPLIST_KEY_CFBundleDisplayName = "Treasure Hunt 2022";
				INFOPLIST_KEY_UIApplicationSupportsIndirectInputEvents = YES;
				INFOPLIST_KEY_UILaunchStoryboardName = LaunchScreen;
				INFOPLIST_KEY_UIMainStoryboardFile = Main;
				INFOPLIST_KEY_UISupportedInterfaceOrientations_iPad = "UIInterfaceOrientationPortrait UIInterfaceOrientationPortraitUpsideDown UIInterfaceOrientationLandscapeLeft UIInterfaceOrientationLandscapeRight";
				INFOPLIST_KEY_UISupportedInterfaceOrientations_iPhone = "UIInterfaceOrientationPortrait UIInterfaceOrientationLandscapeLeft UIInterfaceOrientationLandscapeRight";
				LD_RUNPATH_SEARCH_PATHS = (
					"$(inherited)",
					"@executable_path/Frameworks",
				);
				MARKETING_VERSION = 1.0;
				PRODUCT_BUNDLE_IDENTIFIER = SRC.TreasureHunt2022;
				PRODUCT_NAME = "$(TARGET_NAME)";
				SWIFT_EMIT_LOC_STRINGS = YES;
				SWIFT_VERSION = 5.0;
				TARGETED_DEVICE_FAMILY = "1,2";
			};
			name = Release;
		};
/* End XCBuildConfiguration section */

/* Begin XCConfigurationList section */
		516EBB6A28B6194A00258A8F /* Build configuration list for PBXProject "TreasureHunt2022" */ = {
			isa = XCConfigurationList;
			buildConfigurations = (
				516EBB8128B6194B00258A8F /* Debug */,
				516EBB8228B6194B00258A8F /* Release */,
			);
			defaultConfigurationIsVisible = 0;
			defaultConfigurationName = Release;
		};
		516EBB8328B6194B00258A8F /* Build configuration list for PBXNativeTarget "TreasureHunt2022" */ = {
			isa = XCConfigurationList;
			buildConfigurations = (
				516EBB8428B6194B00258A8F /* Debug */,
				516EBB8528B6194B00258A8F /* Release */,
			);
			defaultConfigurationIsVisible = 0;
			defaultConfigurationName = Release;
		};
/* End XCConfigurationList section */
	};
	rootObject = 516EBB6728B6194A00258A8F /* Project object */;
}
